
Microsoft Visual Studio Solution File, Format Version 11.00
# Visual Studio 2010
Project("{FAE04EC0-301F-11D3-BF4B-00C04F79EFBC}") = "Batman - mineswooper Of the wild 4D VR Xbox Xclusive", "Assembly-CSharp.csproj", "{E827FDA4-1770-EB11-95A0-8BA403C89984}"
EndProject
Global
	GlobalSection(SolutionConfigurationPlatforms) = preSolution
		Debug|Any CPU = Debug|Any CPU
		Release|Any CPU = Release|Any CPU
	EndGlobalSection
	GlobalSection(ProjectConfigurationPlatforms) = postSolution
		{E827FDA4-1770-EB11-95A0-8BA403C89984}.Debug|Any CPU.ActiveCfg = Debug|Any CPU
		{E827FDA4-1770-EB11-95A0-8BA403C89984}.Debug|Any CPU.Build.0 = Debug|Any CPU
		{E827FDA4-1770-EB11-95A0-8BA403C89984}.Release|Any CPU.ActiveCfg = Release|Any CPU
		{E827FDA4-1770-EB11-95A0-8BA403C89984}.Release|Any CPU.Build.0 = Release|Any CPU
	EndGlobalSection
	GlobalSection(SolutionProperties) = preSolution
		HideSolutionNode = FALSE
	EndGlobalSection
	GlobalSection(MonoDevelopProperties) = preSolution
		StartupItem = Assembly-CSharp.csproj
	EndGlobalSection
EndGlobal
